
Microsoft Visual Studio Solution File, Format Version 12.00
# Visual Studio Version 17
VisualStudioVersion = 17.11.35219.272
MinimumVisualStudioVersion = 10.0.40219.1
Project("{FAE04EC0-301F-11D3-BF4B-00C04F79EFBC}") = "AspireAppHostPOC", "AspireAppHostPOC\AspireAppHostPOC.csproj", "{31394F0F-AFEC-44F4-AD14-A555701794EA}"
EndProject
Project("{9A19103F-16F7-4668-BE54-9A1E7A4F7556}") = "BasicOpenTelemetry-1", "app1\BasicOpenTelemetry-1.csproj", "{88C290B2-35CC-4044-9ECB-83266B0D863A}"
EndProject
Global
	GlobalSection(SolutionConfigurationPlatforms) = preSolution
		Debug|Any CPU = Debug|Any CPU
		Release|Any CPU = Release|Any CPU
	EndGlobalSection
	GlobalSection(ProjectConfigurationPlatforms) = postSolution
		{31394F0F-AFEC-44F4-AD14-A555701794EA}.Debug|Any CPU.ActiveCfg = Debug|Any CPU
		{31394F0F-AFEC-44F4-AD14-A555701794EA}.Debug|Any CPU.Build.0 = Debug|Any CPU
		{31394F0F-AFEC-44F4-AD14-A555701794EA}.Release|Any CPU.ActiveCfg = Release|Any CPU
		{31394F0F-AFEC-44F4-AD14-A555701794EA}.Release|Any CPU.Build.0 = Release|Any CPU
		{88C290B2-35CC-4044-9ECB-83266B0D863A}.Debug|Any CPU.ActiveCfg = Debug|Any CPU
		{88C290B2-35CC-4044-9ECB-83266B0D863A}.Debug|Any CPU.Build.0 = Debug|Any CPU
		{88C290B2-35CC-4044-9ECB-83266B0D863A}.Release|Any CPU.ActiveCfg = Release|Any CPU
		{88C290B2-35CC-4044-9ECB-83266B0D863A}.Release|Any CPU.Build.0 = Release|Any CPU
	EndGlobalSection
	GlobalSection(SolutionProperties) = preSolution
		HideSolutionNode = FALSE
	EndGlobalSection
	GlobalSection(ExtensibilityGlobals) = postSolution
		SolutionGuid = {60037D78-A8E2-4363-A1D5-79F68E47544C}
	EndGlobalSection
EndGlobal
